
Microsoft Visual Studio Solution File, Format Version 12.00
# Visual Studio Version 17
VisualStudioVersion = 17.11.35312.102
MinimumVisualStudioVersion = 10.0.40219.1
Project("{9A19103F-16F7-4668-BE54-9A1E7A4F7556}") = "MrX.Connections", "MrX.Connections.csproj", "{706886AC-93C6-4357-9486-6BEF8EC041DE}"
EndProject
Global
	GlobalSection(SolutionConfigurationPlatforms) = preSolution
		Debug|Any CPU = Debug|Any CPU
		Release|Any CPU = Release|Any CPU
	EndGlobalSection
	GlobalSection(ProjectConfigurationPlatforms) = postSolution
		{706886AC-93C6-4357-9486-6BEF8EC041DE}.Debug|Any CPU.ActiveCfg = Debug|Any CPU
		{706886AC-93C6-4357-9486-6BEF8EC041DE}.Debug|Any CPU.Build.0 = Debug|Any CPU
		{706886AC-93C6-4357-9486-6BEF8EC041DE}.Release|Any CPU.ActiveCfg = Release|Any CPU
		{706886AC-93C6-4357-9486-6BEF8EC041DE}.Release|Any CPU.Build.0 = Release|Any CPU
	EndGlobalSection
	GlobalSection(SolutionProperties) = preSolution
		HideSolutionNode = FALSE
	EndGlobalSection
	GlobalSection(ExtensibilityGlobals) = postSolution
		SolutionGuid = {315894C3-4251-42A1-8BEE-D6CBB9D96020}
	EndGlobalSection
EndGlobal
